
Microsoft Visual Studio Solution File, Format Version 12.00
# Visual Studio Version 17
VisualStudioVersion = 17.14.37111.16
MinimumVisualStudioVersion = 10.0.40219.1
Project("{FAE04EC0-301F-11D3-BF4B-00C04F79EFBC}") = "SistemaCafeteria", "..\SistemaCafeteria\SistemaCafeteria.csproj", "{FCF0C623-FA85-462E-9A9A-E9013CDD8711}"
EndProject
Global
	GlobalSection(SolutionConfigurationPlatforms) = preSolution
		Debug|Any CPU = Debug|Any CPU
		Release|Any CPU = Release|Any CPU
	EndGlobalSection
	GlobalSection(ProjectConfigurationPlatforms) = postSolution
		{FCF0C623-FA85-462E-9A9A-E9013CDD8711}.Debug|Any CPU.ActiveCfg = Debug|Any CPU
		{FCF0C623-FA85-462E-9A9A-E9013CDD8711}.Debug|Any CPU.Build.0 = Debug|Any CPU
		{FCF0C623-FA85-462E-9A9A-E9013CDD8711}.Release|Any CPU.ActiveCfg = Release|Any CPU
		{FCF0C623-FA85-462E-9A9A-E9013CDD8711}.Release|Any CPU.Build.0 = Release|Any CPU
	EndGlobalSection
	GlobalSection(SolutionProperties) = preSolution
		HideSolutionNode = FALSE
	EndGlobalSection
	GlobalSection(ExtensibilityGlobals) = postSolution
		SolutionGuid = {4894E384-6BEB-4A20-8526-3BAE9E8A6A51}
	EndGlobalSection
EndGlobal
